
Microsoft Visual Studio Solution File, Format Version 12.00
# Visual Studio Version 16
VisualStudioVersion = 16.0.29926.136
MinimumVisualStudioVersion = 10.0.40219.1
Project("{9A19103F-16F7-4668-BE54-9A1E7A4F7556}") = "BsdSocketClientExample", "BsdSocketClientExample.csproj", "{EA06B63C-E15C-4903-8EDD-5120FB525FA6}"
EndProject
Project("{2150E333-8FDC-42A3-9474-1A3956D46DE8}") = "ViewModel", "ViewModel", "{7D355A33-B6F2-4F28-B27C-9841DFDC0FC0}"
EndProject
Project("{9A19103F-16F7-4668-BE54-9A1E7A4F7556}") = "GUI", "GUI\GUI.csproj", "{7FF4DCCB-2999-4365-A908-3FCADB0CDFA7}"
EndProject
Global
	GlobalSection(SolutionConfigurationPlatforms) = preSolution
		Debug|Any CPU = Debug|Any CPU
		Release|Any CPU = Release|Any CPU
	EndGlobalSection
	GlobalSection(ProjectConfigurationPlatforms) = postSolution
		{EA06B63C-E15C-4903-8EDD-5120FB525FA6}.Debug|Any CPU.ActiveCfg = Debug|Any CPU
		{EA06B63C-E15C-4903-8EDD-5120FB525FA6}.Debug|Any CPU.Build.0 = Debug|Any CPU
		{EA06B63C-E15C-4903-8EDD-5120FB525FA6}.Release|Any CPU.ActiveCfg = Release|Any CPU
		{EA06B63C-E15C-4903-8EDD-5120FB525FA6}.Release|Any CPU.Build.0 = Release|Any CPU
		{7FF4DCCB-2999-4365-A908-3FCADB0CDFA7}.Debug|Any CPU.ActiveCfg = Debug|Any CPU
		{7FF4DCCB-2999-4365-A908-3FCADB0CDFA7}.Debug|Any CPU.Build.0 = Debug|Any CPU
		{7FF4DCCB-2999-4365-A908-3FCADB0CDFA7}.Release|Any CPU.ActiveCfg = Release|Any CPU
		{7FF4DCCB-2999-4365-A908-3FCADB0CDFA7}.Release|Any CPU.Build.0 = Release|Any CPU
	EndGlobalSection
	GlobalSection(SolutionProperties) = preSolution
		HideSolutionNode = FALSE
	EndGlobalSection
	GlobalSection(ExtensibilityGlobals) = postSolution
		SolutionGuid = {25ACE4ED-E570-4442-9488-1F8E0042E818}
	EndGlobalSection
EndGlobal
